
Microsoft Visual Studio Solution File, Format Version 12.00
# Visual Studio Version 16
VisualStudioVersion = 16.0.29418.71
MinimumVisualStudioVersion = 10.0.40219.1
Project("{FAE04EC0-301F-11D3-BF4B-00C04F79EFBC}") = "Thunder", "Thunder\Thunder.csproj", "{A47D59E7-BF13-47C0-AF1A-B0EE43EF4ED5}"
EndProject
Global
	GlobalSection(SolutionConfigurationPlatforms) = preSolution
		Debug|Any CPU = Debug|Any CPU
		Release|Any CPU = Release|Any CPU
	EndGlobalSection
	GlobalSection(ProjectConfigurationPlatforms) = postSolution
		{A47D59E7-BF13-47C0-AF1A-B0EE43EF4ED5}.Debug|Any CPU.ActiveCfg = Debug|Any CPU
		{A47D59E7-BF13-47C0-AF1A-B0EE43EF4ED5}.Debug|Any CPU.Build.0 = Debug|Any CPU
		{A47D59E7-BF13-47C0-AF1A-B0EE43EF4ED5}.Release|Any CPU.ActiveCfg = Release|Any CPU
		{A47D59E7-BF13-47C0-AF1A-B0EE43EF4ED5}.Release|Any CPU.Build.0 = Release|Any CPU
	EndGlobalSection
	GlobalSection(SolutionProperties) = preSolution
		HideSolutionNode = FALSE
	EndGlobalSection
	GlobalSection(ExtensibilityGlobals) = postSolution
		SolutionGuid = {DC488B60-0EF9-4E48-AD98-E53E199D7568}
	EndGlobalSection
EndGlobal
